{
  "nodes": {
    "hint": {
      "flake": false,
      "locked": {
        "lastModified": 1791529930,
        "narHash": "sha256-dzzbiDMUAc6TJCdM1LSTSYI3vv/GnPZ3DcnD07AcuwY=",
        "ref": "main",
        "rev": "b24b9da02325ea949db5b76f5a90302d9b1c5f83",
        "shallow": true,
        "type": "git",
        "url": "https://github.com/ekmett/hint"
      },
      "original": {
        "ref": "main",
        "shallow": true,
        "type": "git",
        "url": "https://github.com/ekmett/hint"
      }
    },
    "nixpkgs": {
      "locked": {
        "lastModified": 1791456040,
        "narHash": "sha256-H83yz/do+hjOO0uujHyH8RgtIQP2v7Mw+cLwcZK/xKc=",
        "type": "tarball",
        "url": "https://codeload.github.com/NixOS/nixpkgs/tar.gz/e7439b6b14ad3cc35d05608ebca9bce01a25f5f8"
      },
      "original": {
        "type": "tarball",
        "url": "https://codeload.github.com/NixOS/nixpkgs/tar.gz/e7439b6b14ad3cc35d05608ebca9bce01a25f5f8"
      }
    },
    "root": {
      "inputs": {
        "hint": "hint",
        "nixpkgs": "nixpkgs"
      }
    }
  },
  "root": "root",
  "version": 7
}
